
Microsoft Visual Studio Solution File, Format Version 12.00
# Visual Studio Version 17
VisualStudioVersion = 17.10.35027.167
MinimumVisualStudioVersion = 10.0.40219.1
Project("{FAE04EC0-301F-11D3-BF4B-00C04F79EFBC}") = "RuyaManav", "RuyaManav\RuyaManav.csproj", "{20F6E481-6864-42D5-8CBC-C71D1F4765E5}"
EndProject
Global
	GlobalSection(SolutionConfigurationPlatforms) = preSolution
		Debug|Any CPU = Debug|Any CPU
		Release|Any CPU = Release|Any CPU
	EndGlobalSection
	GlobalSection(ProjectConfigurationPlatforms) = postSolution
		{20F6E481-6864-42D5-8CBC-C71D1F4765E5}.Debug|Any CPU.ActiveCfg = Debug|Any CPU
		{20F6E481-6864-42D5-8CBC-C71D1F4765E5}.Debug|Any CPU.Build.0 = Debug|Any CPU
		{20F6E481-6864-42D5-8CBC-C71D1F4765E5}.Release|Any CPU.ActiveCfg = Release|Any CPU
		{20F6E481-6864-42D5-8CBC-C71D1F4765E5}.Release|Any CPU.Build.0 = Release|Any CPU
	EndGlobalSection
	GlobalSection(SolutionProperties) = preSolution
		HideSolutionNode = FALSE
	EndGlobalSection
	GlobalSection(ExtensibilityGlobals) = postSolution
		SolutionGuid = {0435E8A5-1B97-4ADE-893E-B6D91A52A4B0}
	EndGlobalSection
EndGlobal
